<?xml version="1.0" encoding="utf-8"?>
<Project ToolsVersion="4.0" xmlns="http://schemas.microsoft.com/developer/msbuild/2003">
  <ItemGroup>
    <Filter Include="Source Files">
      <UniqueIdentifier>{4FC737F1-C7A5-4376-A066-2A32D752A2FF}</UniqueIdentifier>
      <Extensions>cpp;c;cc;cxx;def;odl;idl;hpj;bat;asm;asmx</Extensions>
    </Filter>
    <Filter Include="Header Files">
      <UniqueIdentifier>{93995380-89BD-4b04-88EB-625FBE52EBFB}</UniqueIdentifier>
      <Extensions>h;hh;hpp;hxx;hm;inl;inc;xsd</Extensions>
    </Filter>
  </ItemGroup>
  <ItemGroup>
    <ClInclude Include="stdafx.h">
      <Filter>Header Files</Filter>
    </ClInclude>
    <ClInclude Include="Plugin.h">
      <Filter>Header Files</Filter>
    </ClInclude>
    <ClInclude Include="IDA\IDAPlugin.h">
      <Filter>Header Files</Filter>
    </ClInclude>
    <ClInclude Include="IDA\IDA.h">
      <Filter>Header Files</Filter>
    </ClInclude>
    <ClInclude Include="IDA\UI.h">
      <Filter>Header Files</Filter>
    </ClInclude>
    <ClInclude Include="IDA\Bytes.h">
      <Filter>Header Files</Filter>
    </ClInclude>
    <ClInclude Include="IDA\Name.h">
      <Filter>Header Files</Filter>
    </ClInclude>
    <ClInclude Include="IDA\Moves.h">
      <Filter>Header Files</Filter>
    </ClInclude>
    <ClInclude Include="IDA\Loader.h">
      <Filter>Header Files</Filter>
    </ClInclude>
    <ClInclude Include="IDA\Notify.h">
      <Filter>Header Files</Filter>
    </ClInclude>
    <ClInclude Include="IDA\Kernel.h">
      <Filter>Header Files</Filter>
    </ClInclude>
    <ClInclude Include="DllLoader\DllLoader.h">
      <Filter>Header Files</Filter>
    </ClInclude>
    <ClInclude Include="DllLoader\Exports.h">
      <Filter>Header Files</Filter>
    </ClInclude>
  </ItemGroup>
  <ItemGroup>
    <ClCompile Include="stdafx.cpp">
      <Filter>Source Files</Filter>
    </ClCompile>
    <ClCompile Include="Plugin.cpp">
      <Filter>Source Files</Filter>
    </ClCompile>
    <ClCompile Include="IDA\IDAPlugin.cpp">
      <Filter>Source Files</Filter>
    </ClCompile>
    <ClCompile Include="IDA\IDA.cpp">
      <Filter>Source Files</Filter>
    </ClCompile>
    <ClCompile Include="IDA\UI.cpp">
      <Filter>Source Files</Filter>
    </ClCompile>
    <ClCompile Include="IDA\Bytes.cpp">
      <Filter>Source Files</Filter>
    </ClCompile>
    <ClCompile Include="IDA\Name.cpp">
      <Filter>Source Files</Filter>
    </ClCompile>
    <ClCompile Include="IDA\Moves.cpp">
      <Filter>Source Files</Filter>
    </ClCompile>
    <ClCompile Include="IDA\Loader.cpp">
      <Filter>Source Files</Filter>
    </ClCompile>
    <ClCompile Include="IDA\Notify.cpp">
      <Filter>Source Files</Filter>
    </ClCompile>
    <ClCompile Include="IDA\Kernel.cpp">
      <Filter>Source Files</Filter>
    </ClCompile>
    <ClCompile Include="DllLoader\DllLoader.cpp">
      <Filter>Source Files</Filter>
    </ClCompile>
    <ClCompile Include="Olly\OllyDbg.cpp">
      <Filter>Source Files</Filter>
    </ClCompile>
  </ItemGroup>
</Project>